
Microsoft Visual Studio Solution File, Format Version 12.00
# Visual Studio Version 17
VisualStudioVersion = 17.13.35818.85 d17.13
MinimumVisualStudioVersion = 10.0.40219.1
Project("{FAE04EC0-301F-11D3-BF4B-00C04F79EFBC}") = "FormBudAdmin", "FormBudAdmin.csproj", "{381AA054-448C-C910-23FE-5FA86ED70B02}"
EndProject
Global
	GlobalSection(SolutionConfigurationPlatforms) = preSolution
		Debug|Any CPU = Debug|Any CPU
		Release|Any CPU = Release|Any CPU
	EndGlobalSection
	GlobalSection(ProjectConfigurationPlatforms) = postSolution
		{381AA054-448C-C910-23FE-5FA86ED70B02}.Debug|Any CPU.ActiveCfg = Debug|Any CPU
		{381AA054-448C-C910-23FE-5FA86ED70B02}.Debug|Any CPU.Build.0 = Debug|Any CPU
		{381AA054-448C-C910-23FE-5FA86ED70B02}.Release|Any CPU.ActiveCfg = Release|Any CPU
		{381AA054-448C-C910-23FE-5FA86ED70B02}.Release|Any CPU.Build.0 = Release|Any CPU
	EndGlobalSection
	GlobalSection(SolutionProperties) = preSolution
		HideSolutionNode = FALSE
	EndGlobalSection
	GlobalSection(ExtensibilityGlobals) = postSolution
		SolutionGuid = {AF60C5C5-92EB-4B8F-9B23-1B1A5AFF44B9}
	EndGlobalSection
EndGlobal
